
Microsoft Visual Studio Solution File, Format Version 11.00
# Visual Studio 2010
Project("{FAE04EC0-301F-11D3-BF4B-00C04F79EFBC}") = "Assembly-CSharp", "Assembly-CSharp.csproj", "{6dab2720-87e4-0489-cf95-1a41c7dbbdb4}"
EndProject
Project("{FAE04EC0-301F-11D3-BF4B-00C04F79EFBC}") = "Assembly-CSharp-firstpass", "Assembly-CSharp-firstpass.csproj", "{ef30a1cc-7c48-bfc8-af0b-6ebb9d5b42a0}"
EndProject
Project("{FAE04EC0-301F-11D3-BF4B-00C04F79EFBC}") = "Assembly-CSharp-Editor", "Assembly-CSharp-Editor.csproj", "{4e1bfe32-642d-f0f5-321d-f6495691e7f2}"
EndProject
Global
	GlobalSection(SolutionConfigurationPlatforms) = preSolution
		Debug|Any CPU = Debug|Any CPU
	EndGlobalSection
	GlobalSection(ProjectConfigurationPlatforms) = postSolution
		{6dab2720-87e4-0489-cf95-1a41c7dbbdb4}.Debug|Any CPU.ActiveCfg = Debug|Any CPU
		{6dab2720-87e4-0489-cf95-1a41c7dbbdb4}.Debug|Any CPU.Build.0 = Debug|Any CPU
		{ef30a1cc-7c48-bfc8-af0b-6ebb9d5b42a0}.Debug|Any CPU.ActiveCfg = Debug|Any CPU
		{ef30a1cc-7c48-bfc8-af0b-6ebb9d5b42a0}.Debug|Any CPU.Build.0 = Debug|Any CPU
		{4e1bfe32-642d-f0f5-321d-f6495691e7f2}.Debug|Any CPU.ActiveCfg = Debug|Any CPU
		{4e1bfe32-642d-f0f5-321d-f6495691e7f2}.Debug|Any CPU.Build.0 = Debug|Any CPU
	EndGlobalSection
	GlobalSection(SolutionProperties) = preSolution
		HideSolutionNode = FALSE
	EndGlobalSection
EndGlobal
